
Microsoft Visual Studio Solution File, Format Version 12.00
# Visual Studio Version 16
VisualStudioVersion = 16.0.29609.76
MinimumVisualStudioVersion = 10.0.40219.1
Project("{FAE04EC0-301F-11D3-BF4B-00C04F79EFBC}") = "LCReverseNodesInKGroup", "LCReverseNodesInKGroup\LCReverseNodesInKGroup.csproj", "{8617F962-EA5D-40AC-8508-FFF398881A52}"
EndProject
Global
	GlobalSection(SolutionConfigurationPlatforms) = preSolution
		Debug|Any CPU = Debug|Any CPU
		Release|Any CPU = Release|Any CPU
	EndGlobalSection
	GlobalSection(ProjectConfigurationPlatforms) = postSolution
		{8617F962-EA5D-40AC-8508-FFF398881A52}.Debug|Any CPU.ActiveCfg = Debug|Any CPU
		{8617F962-EA5D-40AC-8508-FFF398881A52}.Debug|Any CPU.Build.0 = Debug|Any CPU
		{8617F962-EA5D-40AC-8508-FFF398881A52}.Release|Any CPU.ActiveCfg = Release|Any CPU
		{8617F962-EA5D-40AC-8508-FFF398881A52}.Release|Any CPU.Build.0 = Release|Any CPU
	EndGlobalSection
	GlobalSection(SolutionProperties) = preSolution
		HideSolutionNode = FALSE
	EndGlobalSection
	GlobalSection(ExtensibilityGlobals) = postSolution
		SolutionGuid = {7C8572B8-02E8-4C6E-A317-D4C0C427E683}
	EndGlobalSection
EndGlobal
